
Microsoft Visual Studio Solution File, Format Version 12.00
# Visual Studio Version 17
VisualStudioVersion = 17.4.33110.190
MinimumVisualStudioVersion = 10.0.40219.1
Project("{8BC9CEB8-8B4A-11D0-8D11-00A0C91BC942}") = "Assignment 1", "Assignment 1\Assignment 1.vcxproj", "{178F390F-B493-4A26-90FE-A9CDC5C4C6BD}"
EndProject
Global
	GlobalSection(SolutionConfigurationPlatforms) = preSolution
		Debug - Client|x64 = Debug - Client|x64
		Debug - Client|x86 = Debug - Client|x86
		Debug - Server|x64 = Debug - Server|x64
		Debug - Server|x86 = Debug - Server|x86
		Debug|x64 = Debug|x64
		Debug|x86 = Debug|x86
		Release|x64 = Release|x64
		Release|x86 = Release|x86
	EndGlobalSection
	GlobalSection(ProjectConfigurationPlatforms) = postSolution
		{178F390F-B493-4A26-90FE-A9CDC5C4C6BD}.Debug - Client|x64.ActiveCfg = Debug - Client|x64
		{178F390F-B493-4A26-90FE-A9CDC5C4C6BD}.Debug - Client|x64.Build.0 = Debug - Client|x64
		{178F390F-B493-4A26-90FE-A9CDC5C4C6BD}.Debug - Client|x86.ActiveCfg = Debug - Client|Win32
		{178F390F-B493-4A26-90FE-A9CDC5C4C6BD}.Debug - Client|x86.Build.0 = Debug - Client|Win32
		{178F390F-B493-4A26-90FE-A9CDC5C4C6BD}.Debug - Server|x64.ActiveCfg = Debug - Server|x64
		{178F390F-B493-4A26-90FE-A9CDC5C4C6BD}.Debug - Server|x64.Build.0 = Debug - Server|x64
		{178F390F-B493-4A26-90FE-A9CDC5C4C6BD}.Debug - Server|x86.ActiveCfg = Debug - Server|Win32
		{178F390F-B493-4A26-90FE-A9CDC5C4C6BD}.Debug - Server|x86.Build.0 = Debug - Server|Win32
		{178F390F-B493-4A26-90FE-A9CDC5C4C6BD}.Debug|x64.ActiveCfg = Debug|x64
		{178F390F-B493-4A26-90FE-A9CDC5C4C6BD}.Debug|x64.Build.0 = Debug|x64
		{178F390F-B493-4A26-90FE-A9CDC5C4C6BD}.Debug|x86.ActiveCfg = Debug|Win32
		{178F390F-B493-4A26-90FE-A9CDC5C4C6BD}.Debug|x86.Build.0 = Debug|Win32
		{178F390F-B493-4A26-90FE-A9CDC5C4C6BD}.Release|x64.ActiveCfg = Release|x64
		{178F390F-B493-4A26-90FE-A9CDC5C4C6BD}.Release|x64.Build.0 = Release|x64
		{178F390F-B493-4A26-90FE-A9CDC5C4C6BD}.Release|x86.ActiveCfg = Release|Win32
		{178F390F-B493-4A26-90FE-A9CDC5C4C6BD}.Release|x86.Build.0 = Release|Win32
	EndGlobalSection
	GlobalSection(SolutionProperties) = preSolution
		HideSolutionNode = FALSE
	EndGlobalSection
	GlobalSection(ExtensibilityGlobals) = postSolution
		SolutionGuid = {BCFB7A6E-D5CF-4263-AB04-F4AC36464287}
	EndGlobalSection
EndGlobal
